
Microsoft Visual Studio Solution File, Format Version 12.00
# Visual Studio Version 17
VisualStudioVersion = 17.11.35208.52
MinimumVisualStudioVersion = 10.0.40219.1
Project("{9A19103F-16F7-4668-BE54-9A1E7A4F7556}") = "EgeBilgiApi", "EgeBilgiApi.csproj", "{04273FE8-71DC-434F-B100-04827C3F812B}"
EndProject
Global
	GlobalSection(SolutionConfigurationPlatforms) = preSolution
		Debug|Any CPU = Debug|Any CPU
		Release|Any CPU = Release|Any CPU
	EndGlobalSection
	GlobalSection(ProjectConfigurationPlatforms) = postSolution
		{04273FE8-71DC-434F-B100-04827C3F812B}.Debug|Any CPU.ActiveCfg = Debug|Any CPU
		{04273FE8-71DC-434F-B100-04827C3F812B}.Debug|Any CPU.Build.0 = Debug|Any CPU
		{04273FE8-71DC-434F-B100-04827C3F812B}.Release|Any CPU.ActiveCfg = Release|Any CPU
		{04273FE8-71DC-434F-B100-04827C3F812B}.Release|Any CPU.Build.0 = Release|Any CPU
	EndGlobalSection
	GlobalSection(SolutionProperties) = preSolution
		HideSolutionNode = FALSE
	EndGlobalSection
	GlobalSection(ExtensibilityGlobals) = postSolution
		SolutionGuid = {EDBB3999-2E08-4FD3-AB5E-CACDD89E3181}
	EndGlobalSection
EndGlobal
